
Microsoft Visual Studio Solution File, Format Version 12.00
# Visual Studio Version 17
VisualStudioVersion = 17.9.34607.119
MinimumVisualStudioVersion = 10.0.40219.1
Project("{FAE04EC0-301F-11D3-BF4B-00C04F79EFBC}") = "PPTWebApp", "PPTWebApp.csproj", "{3DC99E19-44D8-49DF-B9DE-CAF4368D28EA}"
EndProject
Global
	GlobalSection(SolutionConfigurationPlatforms) = preSolution
		Debug|Any CPU = Debug|Any CPU
		Release|Any CPU = Release|Any CPU
	EndGlobalSection
	GlobalSection(ProjectConfigurationPlatforms) = postSolution
		{3DC99E19-44D8-49DF-B9DE-CAF4368D28EA}.Debug|Any CPU.ActiveCfg = Debug|Any CPU
		{3DC99E19-44D8-49DF-B9DE-CAF4368D28EA}.Debug|Any CPU.Build.0 = Debug|Any CPU
		{3DC99E19-44D8-49DF-B9DE-CAF4368D28EA}.Release|Any CPU.ActiveCfg = Release|Any CPU
		{3DC99E19-44D8-49DF-B9DE-CAF4368D28EA}.Release|Any CPU.Build.0 = Release|Any CPU
	EndGlobalSection
	GlobalSection(SolutionProperties) = preSolution
		HideSolutionNode = FALSE
	EndGlobalSection
	GlobalSection(ExtensibilityGlobals) = postSolution
		SolutionGuid = {76BDEB82-7A12-41A1-9C84-7902D286372E}
	EndGlobalSection
EndGlobal
